
Microsoft Visual Studio Solution File, Format Version 12.00
# Visual Studio 15
VisualStudioVersion = 15.0.26430.12
MinimumVisualStudioVersion = 10.0.40219.1
Project("{FAE04EC0-301F-11D3-BF4B-00C04F79EFBC}") = "XamTweet", "XamTweet\XamTweet\XamTweet.csproj", "{4C33E4F4-8801-4B81-8CA7-8720D1FC3F90}"
EndProject
Project("{FAE04EC0-301F-11D3-BF4B-00C04F79EFBC}") = "XamTweet.Droid", "XamTweet\XamTweet.Droid\XamTweet.Droid.csproj", "{CAA53065-6F0D-4AFC-A55B-091CC58790DD}"
EndProject
Project("{FAE04EC0-301F-11D3-BF4B-00C04F79EFBC}") = "XamTweet.iOS", "XamTweet\XamTweet.iOS\XamTweet.iOS.csproj", "{F717D0D6-12FE-46A9-88BD-D5E4FE463717}"
EndProject
Project("{FAE04EC0-301F-11D3-BF4B-00C04F79EFBC}") = "XamTweet.UWP", "XamTweet\XamTweet.UWP\XamTweet.UWP.csproj", "{54F0FEA1-8103-4F43-9F42-C94C09615D99}"
EndProject
Global
	GlobalSection(SolutionConfigurationPlatforms) = preSolution
		Ad-Hoc|Any CPU = Ad-Hoc|Any CPU
		Ad-Hoc|ARM = Ad-Hoc|ARM
		Ad-Hoc|iPhone = Ad-Hoc|iPhone
		Ad-Hoc|iPhoneSimulator = Ad-Hoc|iPhoneSimulator
		Ad-Hoc|x64 = Ad-Hoc|x64
		Ad-Hoc|x86 = Ad-Hoc|x86
		AppStore|Any CPU = AppStore|Any CPU
		AppStore|ARM = AppStore|ARM
		AppStore|iPhone = AppStore|iPhone
		AppStore|iPhoneSimulator = AppStore|iPhoneSimulator
		AppStore|x64 = AppStore|x64
		AppStore|x86 = AppStore|x86
		Debug|Any CPU = Debug|Any CPU
		Debug|ARM = Debug|ARM
		Debug|iPhone = Debug|iPhone
		Debug|iPhoneSimulator = Debug|iPhoneSimulator
		Debug|x64 = Debug|x64
		Debug|x86 = Debug|x86
		Release|Any CPU = Release|Any CPU
		Release|ARM = Release|ARM
		Release|iPhone = Release|iPhone
		Release|iPhoneSimulator = Release|iPhoneSimulator
		Release|x64 = Release|x64
		Release|x86 = Release|x86
	EndGlobalSection
	GlobalSection(ProjectConfigurationPlatforms) = postSolution
		{4C33E4F4-8801-4B81-8CA7-8720D1FC3F90}.Ad-Hoc|Any CPU.ActiveCfg = Release|Any CPU
		{4C33E4F4-8801-4B81-8CA7-8720D1FC3F90}.Ad-Hoc|Any CPU.Build.0 = Release|Any CPU
		{4C33E4F4-8801-4B81-8CA7-8720D1FC3F90}.Ad-Hoc|ARM.ActiveCfg = Release|Any CPU
		{4C33E4F4-8801-4B81-8CA7-8720D1FC3F90}.Ad-Hoc|ARM.Build.0 = Release|Any CPU
		{4C33E4F4-8801-4B81-8CA7-8720D1FC3F90}.Ad-Hoc|iPhone.ActiveCfg = Release|Any CPU
		{4C33E4F4-8801-4B81-8CA7-8720D1FC3F90}.Ad-Hoc|iPhone.Build.0 = Release|Any CPU
		{4C33E4F4-8801-4B81-8CA7-8720D1FC3F90}.Ad-Hoc|iPhoneSimulator.ActiveCfg = Release|Any CPU
		{4C33E4F4-8801-4B81-8CA7-8720D1FC3F90}.Ad-Hoc|iPhoneSimulator.Build.0 = Release|Any CPU
		{4C33E4F4-8801-4B81-8CA7-8720D1FC3F90}.Ad-Hoc|x64.ActiveCfg = Release|Any CPU
		{4C33E4F4-8801-4B81-8CA7-8720D1FC3F90}.Ad-Hoc|x64.Build.0 = Release|Any CPU
		{4C33E4F4-8801-4B81-8CA7-8720D1FC3F90}.Ad-Hoc|x86.ActiveCfg = Release|Any CPU
		{4C33E4F4-8801-4B81-8CA7-8720D1FC3F90}.Ad-Hoc|x86.Build.0 = Release|Any CPU
		{4C33E4F4-8801-4B81-8CA7-8720D1FC3F90}.AppStore|Any CPU.ActiveCfg = Release|Any CPU
		{4C33E4F4-8801-4B81-8CA7-8720D1FC3F90}.AppStore|Any CPU.Build.0 = Release|Any CPU
		{4C33E4F4-8801-4B81-8CA7-8720D1FC3F90}.AppStore|ARM.ActiveCfg = Release|Any CPU
		{4C33E4F4-8801-4B81-8CA7-8720D1FC3F90}.AppStore|ARM.Build.0 = Release|Any CPU
		{4C33E4F4-8801-4B81-8CA7-8720D1FC3F90}.AppStore|iPhone.ActiveCfg = Release|Any CPU
		{4C33E4F4-8801-4B81-8CA7-8720D1FC3F90}.AppStore|iPhone.Build.0 = Release|Any CPU
		{4C33E4F4-8801-4B81-8CA7-8720D1FC3F90}.AppStore|iPhoneSimulator.ActiveCfg = Release|Any CPU
		{4C33E4F4-8801-4B81-8CA7-8720D1FC3F90}.AppStore|iPhoneSimulator.Build.0 = Release|Any CPU
		{4C33E4F4-8801-4B81-8CA7-8720D1FC3F90}.AppStore|x64.ActiveCfg = Release|Any CPU
		{4C33E4F4-8801-4B81-8CA7-8720D1FC3F90}.AppStore|x64.Build.0 = Release|Any CPU
		{4C33E4F4-8801-4B81-8CA7-8720D1FC3F90}.AppStore|x86.ActiveCfg = Release|Any CPU
		{4C33E4F4-8801-4B81-8CA7-8720D1FC3F90}.AppStore|x86.Build.0 = Release|Any CPU
		{4C33E4F4-8801-4B81-8CA7-8720D1FC3F90}.Debug|Any CPU.ActiveCfg = Debug|Any CPU
		{4C33E4F4-8801-4B81-8CA7-8720D1FC3F90}.Debug|Any CPU.Build.0 = Debug|Any CPU
		{4C33E4F4-8801-4B81-8CA7-8720D1FC3F90}.Debug|ARM.ActiveCfg = Debug|Any CPU
		{4C33E4F4-8801-4B81-8CA7-8720D1FC3F90}.Debug|ARM.Build.0 = Debug|Any CPU
		{4C33E4F4-8801-4B81-8CA7-8720D1FC3F90}.Debug|iPhone.ActiveCfg = Debug|Any CPU
		{4C33E4F4-8801-4B81-8CA7-8720D1FC3F90}.Debug|iPhone.Build.0 = Debug|Any CPU
		{4C33E4F4-8801-4B81-8CA7-8720D1FC3F90}.Debug|iPhoneSimulator.ActiveCfg = Debug|Any CPU
		{4C33E4F4-8801-4B81-8CA7-8720D1FC3F90}.Debug|iPhoneSimulator.Build.0 = Debug|Any CPU
		{4C33E4F4-8801-4B81-8CA7-8720D1FC3F90}.Debug|x64.ActiveCfg = Debug|Any CPU
		{4C33E4F4-8801-4B81-8CA7-8720D1FC3F90}.Debug|x64.Build.0 = Debug|Any CPU
		{4C33E4F4-8801-4B81-8CA7-8720D1FC3F90}.Debug|x86.ActiveCfg = Debug|Any CPU
		{4C33E4F4-8801-4B81-8CA7-8720D1FC3F90}.Debug|x86.Build.0 = Debug|Any CPU
		{4C33E4F4-8801-4B81-8CA7-8720D1FC3F90}.Release|Any CPU.ActiveCfg = Release|Any CPU
		{4C33E4F4-8801-4B81-8CA7-8720D1FC3F90}.Release|Any CPU.Build.0 = Release|Any CPU
		{4C33E4F4-8801-4B81-8CA7-8720D1FC3F90}.Release|ARM.ActiveCfg = Release|Any CPU
		{4C33E4F4-8801-4B81-8CA7-8720D1FC3F90}.Release|ARM.Build.0 = Release|Any CPU
		{4C33E4F4-8801-4B81-8CA7-8720D1FC3F90}.Release|iPhone.ActiveCfg = Release|Any CPU
		{4C33E4F4-8801-4B81-8CA7-8720D1FC3F90}.Release|iPhone.Build.0 = Release|Any CPU
		{4C33E4F4-8801-4B81-8CA7-8720D1FC3F90}.Release|iPhoneSimulator.ActiveCfg = Release|Any CPU
		{4C33E4F4-8801-4B81-8CA7-8720D1FC3F90}.Release|iPhoneSimulator.Build.0 = Release|Any CPU
		{4C33E4F4-8801-4B81-8CA7-8720D1FC3F90}.Release|x64.ActiveCfg = Release|Any CPU
		{4C33E4F4-8801-4B81-8CA7-8720D1FC3F90}.Release|x64.Build.0 = Release|Any CPU
		{4C33E4F4-8801-4B81-8CA7-8720D1FC3F90}.Release|x86.ActiveCfg = Release|Any CPU
		{4C33E4F4-8801-4B81-8CA7-8720D1FC3F90}.Release|x86.Build.0 = Release|Any CPU
		{CAA53065-6F0D-4AFC-A55B-091CC58790DD}.Ad-Hoc|Any CPU.ActiveCfg = Release|Any CPU
		{CAA53065-6F0D-4AFC-A55B-091CC58790DD}.Ad-Hoc|Any CPU.Build.0 = Release|Any CPU
		{CAA53065-6F0D-4AFC-A55B-091CC58790DD}.Ad-Hoc|Any CPU.Deploy.0 = Release|Any CPU
		{CAA53065-6F0D-4AFC-A55B-091CC58790DD}.Ad-Hoc|ARM.ActiveCfg = Release|Any CPU
		{CAA53065-6F0D-4AFC-A55B-091CC58790DD}.Ad-Hoc|ARM.Build.0 = Release|Any CPU
		{CAA53065-6F0D-4AFC-A55B-091CC58790DD}.Ad-Hoc|ARM.Deploy.0 = Release|Any CPU
		{CAA53065-6F0D-4AFC-A55B-091CC58790DD}.Ad-Hoc|iPhone.ActiveCfg = Release|Any CPU
		{CAA53065-6F0D-4AFC-A55B-091CC58790DD}.Ad-Hoc|iPhone.Build.0 = Release|Any CPU
		{CAA53065-6F0D-4AFC-A55B-091CC58790DD}.Ad-Hoc|iPhone.Deploy.0 = Release|Any CPU
		{CAA53065-6F0D-4AFC-A55B-091CC58790DD}.Ad-Hoc|iPhoneSimulator.ActiveCfg = Release|Any CPU
		{CAA53065-6F0D-4AFC-A55B-091CC58790DD}.Ad-Hoc|iPhoneSimulator.Build.0 = Release|Any CPU
		{CAA53065-6F0D-4AFC-A55B-091CC58790DD}.Ad-Hoc|iPhoneSimulator.Deploy.0 = Release|Any CPU
		{CAA53065-6F0D-4AFC-A55B-091CC58790DD}.Ad-Hoc|x64.ActiveCfg = Release|Any CPU
		{CAA53065-6F0D-4AFC-A55B-091CC58790DD}.Ad-Hoc|x64.Build.0 = Release|Any CPU
		{CAA53065-6F0D-4AFC-A55B-091CC58790DD}.Ad-Hoc|x64.Deploy.0 = Release|Any CPU
		{CAA53065-6F0D-4AFC-A55B-091CC58790DD}.Ad-Hoc|x86.ActiveCfg = Release|Any CPU
		{CAA53065-6F0D-4AFC-A55B-091CC58790DD}.Ad-Hoc|x86.Build.0 = Release|Any CPU
		{CAA53065-6F0D-4AFC-A55B-091CC58790DD}.Ad-Hoc|x86.Deploy.0 = Release|Any CPU
		{CAA53065-6F0D-4AFC-A55B-091CC58790DD}.AppStore|Any CPU.ActiveCfg = Release|Any CPU
		{CAA53065-6F0D-4AFC-A55B-091CC58790DD}.AppStore|Any CPU.Build.0 = Release|Any CPU
		{CAA53065-6F0D-4AFC-A55B-091CC58790DD}.AppStore|Any CPU.Deploy.0 = Release|Any CPU
		{CAA53065-6F0D-4AFC-A55B-091CC58790DD}.AppStore|ARM.ActiveCfg = Release|Any CPU
		{CAA53065-6F0D-4AFC-A55B-091CC58790DD}.AppStore|ARM.Build.0 = Release|Any CPU
		{CAA53065-6F0D-4AFC-A55B-091CC58790DD}.AppStore|ARM.Deploy.0 = Release|Any CPU
		{CAA53065-6F0D-4AFC-A55B-091CC58790DD}.AppStore|iPhone.ActiveCfg = Release|Any CPU
		{CAA53065-6F0D-4AFC-A55B-091CC58790DD}.AppStore|iPhone.Build.0 = Release|Any CPU
		{CAA53065-6F0D-4AFC-A55B-091CC58790DD}.AppStore|iPhone.Deploy.0 = Release|Any CPU
		{CAA53065-6F0D-4AFC-A55B-091CC58790DD}.AppStore|iPhoneSimulator.ActiveCfg = Release|Any CPU
		{CAA53065-6F0D-4AFC-A55B-091CC58790DD}.AppStore|iPhoneSimulator.Build.0 = Release|Any CPU
		{CAA53065-6F0D-4AFC-A55B-091CC58790DD}.AppStore|iPhoneSimulator.Deploy.0 = Release|Any CPU
		{CAA53065-6F0D-4AFC-A55B-091CC58790DD}.AppStore|x64.ActiveCfg = Release|Any CPU
		{CAA53065-6F0D-4AFC-A55B-091CC58790DD}.AppStore|x64.Build.0 = Release|Any CPU
		{CAA53065-6F0D-4AFC-A55B-091CC58790DD}.AppStore|x64.Deploy.0 = Release|Any CPU
		{CAA53065-6F0D-4AFC-A55B-091CC58790DD}.AppStore|x86.ActiveCfg = Release|Any CPU
		{CAA53065-6F0D-4AFC-A55B-091CC58790DD}.AppStore|x86.Build.0 = Release|Any CPU
		{CAA53065-6F0D-4AFC-A55B-091CC58790DD}.AppStore|x86.Deploy.0 = Release|Any CPU
		{CAA53065-6F0D-4AFC-A55B-091CC58790DD}.Debug|Any CPU.ActiveCfg = Debug|Any CPU
		{CAA53065-6F0D-4AFC-A55B-091CC58790DD}.Debug|Any CPU.Build.0 = Debug|Any CPU
		{CAA53065-6F0D-4AFC-A55B-091CC58790DD}.Debug|Any CPU.Deploy.0 = Debug|Any CPU
		{CAA53065-6F0D-4AFC-A55B-091CC58790DD}.Debug|ARM.ActiveCfg = Debug|Any CPU
		{CAA53065-6F0D-4AFC-A55B-091CC58790DD}.Debug|ARM.Build.0 = Debug|Any CPU
		{CAA53065-6F0D-4AFC-A55B-091CC58790DD}.Debug|ARM.Deploy.0 = Debug|Any CPU
		{CAA53065-6F0D-4AFC-A55B-091CC58790DD}.Debug|iPhone.ActiveCfg = Debug|Any CPU
		{CAA53065-6F0D-4AFC-A55B-091CC58790DD}.Debug|iPhone.Build.0 = Debug|Any CPU
		{CAA53065-6F0D-4AFC-A55B-091CC58790DD}.Debug|iPhone.Deploy.0 = Debug|Any CPU
		{CAA53065-6F0D-4AFC-A55B-091CC58790DD}.Debug|iPhoneSimulator.ActiveCfg = Debug|Any CPU
		{CAA53065-6F0D-4AFC-A55B-091CC58790DD}.Debug|iPhoneSimulator.Build.0 = Debug|Any CPU
		{CAA53065-6F0D-4AFC-A55B-091CC58790DD}.Debug|iPhoneSimulator.Deploy.0 = Debug|Any CPU
		{CAA53065-6F0D-4AFC-A55B-091CC58790DD}.Debug|x64.ActiveCfg = Debug|Any CPU
		{CAA53065-6F0D-4AFC-A55B-091CC58790DD}.Debug|x64.Build.0 = Debug|Any CPU
		{CAA53065-6F0D-4AFC-A55B-091CC58790DD}.Debug|x64.Deploy.0 = Debug|Any CPU
		{CAA53065-6F0D-4AFC-A55B-091CC58790DD}.Debug|x86.ActiveCfg = Debug|Any CPU
		{CAA53065-6F0D-4AFC-A55B-091CC58790DD}.Debug|x86.Build.0 = Debug|Any CPU
		{CAA53065-6F0D-4AFC-A55B-091CC58790DD}.Debug|x86.Deploy.0 = Debug|Any CPU
		{CAA53065-6F0D-4AFC-A55B-091CC58790DD}.Release|Any CPU.ActiveCfg = Release|Any CPU
		{CAA53065-6F0D-4AFC-A55B-091CC58790DD}.Release|Any CPU.Build.0 = Release|Any CPU
		{CAA53065-6F0D-4AFC-A55B-091CC58790DD}.Release|Any CPU.Deploy.0 = Release|Any CPU
		{CAA53065-6F0D-4AFC-A55B-091CC58790DD}.Release|ARM.ActiveCfg = Release|Any CPU
		{CAA53065-6F0D-4AFC-A55B-091CC58790DD}.Release|ARM.Build.0 = Release|Any CPU
		{CAA53065-6F0D-4AFC-A55B-091CC58790DD}.Release|ARM.Deploy.0 = Release|Any CPU
		{CAA53065-6F0D-4AFC-A55B-091CC58790DD}.Release|iPhone.ActiveCfg = Release|Any CPU
		{CAA53065-6F0D-4AFC-A55B-091CC58790DD}.Release|iPhone.Build.0 = Release|Any CPU
		{CAA53065-6F0D-4AFC-A55B-091CC58790DD}.Release|iPhone.Deploy.0 = Release|Any CPU
		{CAA53065-6F0D-4AFC-A55B-091CC58790DD}.Release|iPhoneSimulator.ActiveCfg = Release|Any CPU
		{CAA53065-6F0D-4AFC-A55B-091CC58790DD}.Release|iPhoneSimulator.Build.0 = Release|Any CPU
		{CAA53065-6F0D-4AFC-A55B-091CC58790DD}.Release|iPhoneSimulator.Deploy.0 = Release|Any CPU
		{CAA53065-6F0D-4AFC-A55B-091CC58790DD}.Release|x64.ActiveCfg = Release|Any CPU
		{CAA53065-6F0D-4AFC-A55B-091CC58790DD}.Release|x64.Build.0 = Release|Any CPU
		{CAA53065-6F0D-4AFC-A55B-091CC58790DD}.Release|x64.Deploy.0 = Release|Any CPU
		{CAA53065-6F0D-4AFC-A55B-091CC58790DD}.Release|x86.ActiveCfg = Release|Any CPU
		{CAA53065-6F0D-4AFC-A55B-091CC58790DD}.Release|x86.Build.0 = Release|Any CPU
		{CAA53065-6F0D-4AFC-A55B-091CC58790DD}.Release|x86.Deploy.0 = Release|Any CPU
		{F717D0D6-12FE-46A9-88BD-D5E4FE463717}.Ad-Hoc|Any CPU.ActiveCfg = Ad-Hoc|iPhone
		{F717D0D6-12FE-46A9-88BD-D5E4FE463717}.Ad-Hoc|ARM.ActiveCfg = Ad-Hoc|iPhone
		{F717D0D6-12FE-46A9-88BD-D5E4FE463717}.Ad-Hoc|iPhone.ActiveCfg = Ad-Hoc|iPhone
		{F717D0D6-12FE-46A9-88BD-D5E4FE463717}.Ad-Hoc|iPhone.Build.0 = Ad-Hoc|iPhone
		{F717D0D6-12FE-46A9-88BD-D5E4FE463717}.Ad-Hoc|iPhoneSimulator.ActiveCfg = Ad-Hoc|iPhoneSimulator
		{F717D0D6-12FE-46A9-88BD-D5E4FE463717}.Ad-Hoc|iPhoneSimulator.Build.0 = Ad-Hoc|iPhoneSimulator
		{F717D0D6-12FE-46A9-88BD-D5E4FE463717}.Ad-Hoc|x64.ActiveCfg = Ad-Hoc|iPhone
		{F717D0D6-12FE-46A9-88BD-D5E4FE463717}.Ad-Hoc|x86.ActiveCfg = Ad-Hoc|iPhone
		{F717D0D6-12FE-46A9-88BD-D5E4FE463717}.AppStore|Any CPU.ActiveCfg = AppStore|iPhone
		{F717D0D6-12FE-46A9-88BD-D5E4FE463717}.AppStore|ARM.ActiveCfg = AppStore|iPhone
		{F717D0D6-12FE-46A9-88BD-D5E4FE463717}.AppStore|iPhone.ActiveCfg = AppStore|iPhone
		{F717D0D6-12FE-46A9-88BD-D5E4FE463717}.AppStore|iPhone.Build.0 = AppStore|iPhone
		{F717D0D6-12FE-46A9-88BD-D5E4FE463717}.AppStore|iPhoneSimulator.ActiveCfg = AppStore|iPhoneSimulator
		{F717D0D6-12FE-46A9-88BD-D5E4FE463717}.AppStore|iPhoneSimulator.Build.0 = AppStore|iPhoneSimulator
		{F717D0D6-12FE-46A9-88BD-D5E4FE463717}.AppStore|x64.ActiveCfg = AppStore|iPhone
		{F717D0D6-12FE-46A9-88BD-D5E4FE463717}.AppStore|x86.ActiveCfg = AppStore|iPhone
		{F717D0D6-12FE-46A9-88BD-D5E4FE463717}.Debug|Any CPU.ActiveCfg = Debug|iPhone
		{F717D0D6-12FE-46A9-88BD-D5E4FE463717}.Debug|ARM.ActiveCfg = Debug|iPhone
		{F717D0D6-12FE-46A9-88BD-D5E4FE463717}.Debug|iPhone.ActiveCfg = Debug|iPhone
		{F717D0D6-12FE-46A9-88BD-D5E4FE463717}.Debug|iPhone.Build.0 = Debug|iPhone
		{F717D0D6-12FE-46A9-88BD-D5E4FE463717}.Debug|iPhoneSimulator.ActiveCfg = Debug|iPhoneSimulator
		{F717D0D6-12FE-46A9-88BD-D5E4FE463717}.Debug|iPhoneSimulator.Build.0 = Debug|iPhoneSimulator
		{F717D0D6-12FE-46A9-88BD-D5E4FE463717}.Debug|x64.ActiveCfg = Debug|iPhone
		{F717D0D6-12FE-46A9-88BD-D5E4FE463717}.Debug|x86.ActiveCfg = Debug|iPhone
		{F717D0D6-12FE-46A9-88BD-D5E4FE463717}.Release|Any CPU.ActiveCfg = Release|iPhone
		{F717D0D6-12FE-46A9-88BD-D5E4FE463717}.Release|ARM.ActiveCfg = Release|iPhone
		{F717D0D6-12FE-46A9-88BD-D5E4FE463717}.Release|iPhone.ActiveCfg = Release|iPhone
		{F717D0D6-12FE-46A9-88BD-D5E4FE463717}.Release|iPhone.Build.0 = Release|iPhone
		{F717D0D6-12FE-46A9-88BD-D5E4FE463717}.Release|iPhoneSimulator.ActiveCfg = Release|iPhoneSimulator
		{F717D0D6-12FE-46A9-88BD-D5E4FE463717}.Release|iPhoneSimulator.Build.0 = Release|iPhoneSimulator
		{F717D0D6-12FE-46A9-88BD-D5E4FE463717}.Release|x64.ActiveCfg = Release|iPhone
		{F717D0D6-12FE-46A9-88BD-D5E4FE463717}.Release|x86.ActiveCfg = Release|iPhone
		{54F0FEA1-8103-4F43-9F42-C94C09615D99}.Ad-Hoc|Any CPU.ActiveCfg = Release|x86
		{54F0FEA1-8103-4F43-9F42-C94C09615D99}.Ad-Hoc|Any CPU.Build.0 = Release|x86
		{54F0FEA1-8103-4F43-9F42-C94C09615D99}.Ad-Hoc|Any CPU.Deploy.0 = Release|x86
		{54F0FEA1-8103-4F43-9F42-C94C09615D99}.Ad-Hoc|ARM.ActiveCfg = Release|ARM
		{54F0FEA1-8103-4F43-9F42-C94C09615D99}.Ad-Hoc|ARM.Build.0 = Release|ARM
		{54F0FEA1-8103-4F43-9F42-C94C09615D99}.Ad-Hoc|ARM.Deploy.0 = Release|ARM
		{54F0FEA1-8103-4F43-9F42-C94C09615D99}.Ad-Hoc|iPhone.ActiveCfg = Release|x86
		{54F0FEA1-8103-4F43-9F42-C94C09615D99}.Ad-Hoc|iPhone.Build.0 = Release|x86
		{54F0FEA1-8103-4F43-9F42-C94C09615D99}.Ad-Hoc|iPhone.Deploy.0 = Release|x86
		{54F0FEA1-8103-4F43-9F42-C94C09615D99}.Ad-Hoc|iPhoneSimulator.ActiveCfg = Release|x86
		{54F0FEA1-8103-4F43-9F42-C94C09615D99}.Ad-Hoc|iPhoneSimulator.Build.0 = Release|x86
		{54F0FEA1-8103-4F43-9F42-C94C09615D99}.Ad-Hoc|iPhoneSimulator.Deploy.0 = Release|x86
		{54F0FEA1-8103-4F43-9F42-C94C09615D99}.Ad-Hoc|x64.ActiveCfg = Release|x64
		{54F0FEA1-8103-4F43-9F42-C94C09615D99}.Ad-Hoc|x64.Build.0 = Release|x64
		{54F0FEA1-8103-4F43-9F42-C94C09615D99}.Ad-Hoc|x64.Deploy.0 = Release|x64
		{54F0FEA1-8103-4F43-9F42-C94C09615D99}.Ad-Hoc|x86.ActiveCfg = Release|x86
		{54F0FEA1-8103-4F43-9F42-C94C09615D99}.Ad-Hoc|x86.Build.0 = Release|x86
		{54F0FEA1-8103-4F43-9F42-C94C09615D99}.Ad-Hoc|x86.Deploy.0 = Release|x86
		{54F0FEA1-8103-4F43-9F42-C94C09615D99}.AppStore|Any CPU.ActiveCfg = Release|x86
		{54F0FEA1-8103-4F43-9F42-C94C09615D99}.AppStore|Any CPU.Build.0 = Release|x86
		{54F0FEA1-8103-4F43-9F42-C94C09615D99}.AppStore|Any CPU.Deploy.0 = Release|x86
		{54F0FEA1-8103-4F43-9F42-C94C09615D99}.AppStore|ARM.ActiveCfg = Release|ARM
		{54F0FEA1-8103-4F43-9F42-C94C09615D99}.AppStore|ARM.Build.0 = Release|ARM
		{54F0FEA1-8103-4F43-9F42-C94C09615D99}.AppStore|ARM.Deploy.0 = Release|ARM
		{54F0FEA1-8103-4F43-9F42-C94C09615D99}.AppStore|iPhone.ActiveCfg = Release|x86
		{54F0FEA1-8103-4F43-9F42-C94C09615D99}.AppStore|iPhone.Build.0 = Release|x86
		{54F0FEA1-8103-4F43-9F42-C94C09615D99}.AppStore|iPhone.Deploy.0 = Release|x86
		{54F0FEA1-8103-4F43-9F42-C94C09615D99}.AppStore|iPhoneSimulator.ActiveCfg = Release|x86
		{54F0FEA1-8103-4F43-9F42-C94C09615D99}.AppStore|iPhoneSimulator.Build.0 = Release|x86
		{54F0FEA1-8103-4F43-9F42-C94C09615D99}.AppStore|iPhoneSimulator.Deploy.0 = Release|x86
		{54F0FEA1-8103-4F43-9F42-C94C09615D99}.AppStore|x64.ActiveCfg = Release|x64
		{54F0FEA1-8103-4F43-9F42-C94C09615D99}.AppStore|x64.Build.0 = Release|x64
		{54F0FEA1-8103-4F43-9F42-C94C09615D99}.AppStore|x64.Deploy.0 = Release|x64
		{54F0FEA1-8103-4F43-9F42-C94C09615D99}.AppStore|x86.ActiveCfg = Release|x86
		{54F0FEA1-8103-4F43-9F42-C94C09615D99}.AppStore|x86.Build.0 = Release|x86
		{54F0FEA1-8103-4F43-9F42-C94C09615D99}.AppStore|x86.Deploy.0 = Release|x86
		{54F0FEA1-8103-4F43-9F42-C94C09615D99}.Debug|Any CPU.ActiveCfg = Debug|x86
		{54F0FEA1-8103-4F43-9F42-C94C09615D99}.Debug|ARM.ActiveCfg = Debug|ARM
		{54F0FEA1-8103-4F43-9F42-C94C09615D99}.Debug|ARM.Build.0 = Debug|ARM
		{54F0FEA1-8103-4F43-9F42-C94C09615D99}.Debug|ARM.Deploy.0 = Debug|ARM
		{54F0FEA1-8103-4F43-9F42-C94C09615D99}.Debug|iPhone.ActiveCfg = Debug|x86
		{54F0FEA1-8103-4F43-9F42-C94C09615D99}.Debug|iPhoneSimulator.ActiveCfg = Debug|x86
		{54F0FEA1-8103-4F43-9F42-C94C09615D99}.Debug|x64.ActiveCfg = Debug|x64
		{54F0FEA1-8103-4F43-9F42-C94C09615D99}.Debug|x64.Build.0 = Debug|x64
		{54F0FEA1-8103-4F43-9F42-C94C09615D99}.Debug|x64.Deploy.0 = Debug|x64
		{54F0FEA1-8103-4F43-9F42-C94C09615D99}.Debug|x86.ActiveCfg = Debug|x86
		{54F0FEA1-8103-4F43-9F42-C94C09615D99}.Debug|x86.Build.0 = Debug|x86
		{54F0FEA1-8103-4F43-9F42-C94C09615D99}.Debug|x86.Deploy.0 = Debug|x86
		{54F0FEA1-8103-4F43-9F42-C94C09615D99}.Release|Any CPU.ActiveCfg = Release|x86
		{54F0FEA1-8103-4F43-9F42-C94C09615D99}.Release|ARM.ActiveCfg = Release|ARM
		{54F0FEA1-8103-4F43-9F42-C94C09615D99}.Release|ARM.Build.0 = Release|ARM
		{54F0FEA1-8103-4F43-9F42-C94C09615D99}.Release|ARM.Deploy.0 = Release|ARM
		{54F0FEA1-8103-4F43-9F42-C94C09615D99}.Release|iPhone.ActiveCfg = Release|x86
		{54F0FEA1-8103-4F43-9F42-C94C09615D99}.Release|iPhoneSimulator.ActiveCfg = Release|x86
		{54F0FEA1-8103-4F43-9F42-C94C09615D99}.Release|x64.ActiveCfg = Release|x64
		{54F0FEA1-8103-4F43-9F42-C94C09615D99}.Release|x64.Build.0 = Release|x64
		{54F0FEA1-8103-4F43-9F42-C94C09615D99}.Release|x64.Deploy.0 = Release|x64
		{54F0FEA1-8103-4F43-9F42-C94C09615D99}.Release|x86.ActiveCfg = Release|x86
		{54F0FEA1-8103-4F43-9F42-C94C09615D99}.Release|x86.Build.0 = Release|x86
		{54F0FEA1-8103-4F43-9F42-C94C09615D99}.Release|x86.Deploy.0 = Release|x86
	EndGlobalSection
	GlobalSection(SolutionProperties) = preSolution
		HideSolutionNode = FALSE
	EndGlobalSection
EndGlobal
